
Microsoft Visual Studio Solution File, Format Version 12.00
# Visual Studio 15
VisualStudioVersion = 15.0.27428.2005
MinimumVisualStudioVersion = 10.0.40219.1
Project("{FAE04EC0-301F-11D3-BF4B-00C04F79EFBC}") = "RestConsumer", "RestConsumer\RestConsumer.csproj", "{EAAE9751-ED03-4E7E-BDC1-4B95F51D5BC3}"
EndProject
Global
	GlobalSection(SolutionConfigurationPlatforms) = preSolution
		Debug|Any CPU = Debug|Any CPU
		Release|Any CPU = Release|Any CPU
	EndGlobalSection
	GlobalSection(ProjectConfigurationPlatforms) = postSolution
		{EAAE9751-ED03-4E7E-BDC1-4B95F51D5BC3}.Debug|Any CPU.ActiveCfg = Debug|Any CPU
		{EAAE9751-ED03-4E7E-BDC1-4B95F51D5BC3}.Debug|Any CPU.Build.0 = Debug|Any CPU
		{EAAE9751-ED03-4E7E-BDC1-4B95F51D5BC3}.Release|Any CPU.ActiveCfg = Release|Any CPU
		{EAAE9751-ED03-4E7E-BDC1-4B95F51D5BC3}.Release|Any CPU.Build.0 = Release|Any CPU
	EndGlobalSection
	GlobalSection(SolutionProperties) = preSolution
		HideSolutionNode = FALSE
	EndGlobalSection
	GlobalSection(ExtensibilityGlobals) = postSolution
		SolutionGuid = {BA00290F-D6EC-4AB2-B5E4-54E683B40981}
	EndGlobalSection
EndGlobal
